
Microsoft Visual Studio Solution File, Format Version 12.00
# Visual Studio Version 16
VisualStudioVersion = 16.0.30104.148
MinimumVisualStudioVersion = 10.0.40219.1
Project("{9A19103F-16F7-4668-BE54-9A1E7A4F7556}") = "Application", "Application\Application.csproj", "{CCEC804D-DB43-4AB6-9A8C-91ACE9D91F92}"
EndProject
Project("{9A19103F-16F7-4668-BE54-9A1E7A4F7556}") = "Domain", "Domain\Domain.csproj", "{FF36F3BE-7A58-4E8B-B732-17C1540A6BC7}"
EndProject
Project("{9A19103F-16F7-4668-BE54-9A1E7A4F7556}") = "Infrastructure", "Infrastructure\Infrastructure.csproj", "{0082C4F7-2B55-4882-8DCC-1C27A9469158}"
EndProject
Project("{9A19103F-16F7-4668-BE54-9A1E7A4F7556}") = "Api", "Api\Api.csproj", "{89221B72-A0D1-4EB3-8986-EE1C611B8C60}"
EndProject
Global
	GlobalSection(SolutionConfigurationPlatforms) = preSolution
		Debug|Any CPU = Debug|Any CPU
		Release|Any CPU = Release|Any CPU
	EndGlobalSection
	GlobalSection(ProjectConfigurationPlatforms) = postSolution
		{CCEC804D-DB43-4AB6-9A8C-91ACE9D91F92}.Debug|Any CPU.ActiveCfg = Debug|Any CPU
		{CCEC804D-DB43-4AB6-9A8C-91ACE9D91F92}.Debug|Any CPU.Build.0 = Debug|Any CPU
		{CCEC804D-DB43-4AB6-9A8C-91ACE9D91F92}.Release|Any CPU.ActiveCfg = Release|Any CPU
		{CCEC804D-DB43-4AB6-9A8C-91ACE9D91F92}.Release|Any CPU.Build.0 = Release|Any CPU
		{FF36F3BE-7A58-4E8B-B732-17C1540A6BC7}.Debug|Any CPU.ActiveCfg = Debug|Any CPU
		{FF36F3BE-7A58-4E8B-B732-17C1540A6BC7}.Debug|Any CPU.Build.0 = Debug|Any CPU
		{FF36F3BE-7A58-4E8B-B732-17C1540A6BC7}.Release|Any CPU.ActiveCfg = Release|Any CPU
		{FF36F3BE-7A58-4E8B-B732-17C1540A6BC7}.Release|Any CPU.Build.0 = Release|Any CPU
		{0082C4F7-2B55-4882-8DCC-1C27A9469158}.Debug|Any CPU.ActiveCfg = Debug|Any CPU
		{0082C4F7-2B55-4882-8DCC-1C27A9469158}.Debug|Any CPU.Build.0 = Debug|Any CPU
		{0082C4F7-2B55-4882-8DCC-1C27A9469158}.Release|Any CPU.ActiveCfg = Release|Any CPU
		{0082C4F7-2B55-4882-8DCC-1C27A9469158}.Release|Any CPU.Build.0 = Release|Any CPU
		{89221B72-A0D1-4EB3-8986-EE1C611B8C60}.Debug|Any CPU.ActiveCfg = Debug|Any CPU
		{89221B72-A0D1-4EB3-8986-EE1C611B8C60}.Debug|Any CPU.Build.0 = Debug|Any CPU
		{89221B72-A0D1-4EB3-8986-EE1C611B8C60}.Release|Any CPU.ActiveCfg = Release|Any CPU
		{89221B72-A0D1-4EB3-8986-EE1C611B8C60}.Release|Any CPU.Build.0 = Release|Any CPU
	EndGlobalSection
	GlobalSection(SolutionProperties) = preSolution
		HideSolutionNode = FALSE
	EndGlobalSection
	GlobalSection(ExtensibilityGlobals) = postSolution
		SolutionGuid = {82146F6D-FD6C-418E-8F9E-C56EBC7790EF}
	EndGlobalSection
EndGlobal
